
Microsoft Visual Studio Solution File, Format Version 12.00
# Visual Studio Version 16
VisualStudioVersion = 16.0.31729.503
MinimumVisualStudioVersion = 10.0.40219.1
Project("{FAE04EC0-301F-11D3-BF4B-00C04F79EFBC}") = "Odev4RomaliAsker", "Odev4RomaliAsker.csproj", "{91ED7CDA-D9CB-462D-9620-A086D7AA5F5D}"
EndProject
Global
	GlobalSection(SolutionConfigurationPlatforms) = preSolution
		Debug|Any CPU = Debug|Any CPU
		Release|Any CPU = Release|Any CPU
	EndGlobalSection
	GlobalSection(ProjectConfigurationPlatforms) = postSolution
		{91ED7CDA-D9CB-462D-9620-A086D7AA5F5D}.Debug|Any CPU.ActiveCfg = Debug|Any CPU
		{91ED7CDA-D9CB-462D-9620-A086D7AA5F5D}.Debug|Any CPU.Build.0 = Debug|Any CPU
		{91ED7CDA-D9CB-462D-9620-A086D7AA5F5D}.Release|Any CPU.ActiveCfg = Release|Any CPU
		{91ED7CDA-D9CB-462D-9620-A086D7AA5F5D}.Release|Any CPU.Build.0 = Release|Any CPU
	EndGlobalSection
	GlobalSection(SolutionProperties) = preSolution
		HideSolutionNode = FALSE
	EndGlobalSection
	GlobalSection(ExtensibilityGlobals) = postSolution
		SolutionGuid = {D5E43766-BCC8-4A53-8DC5-AF8768D26197}
	EndGlobalSection
EndGlobal
